
Microsoft Visual Studio Solution File, Format Version 12.00
# Visual Studio 2012
Project("{FAE04EC0-301F-11D3-BF4B-00C04F79EFBC}") = "ContohGit", "ContohGit\ContohGit.csproj", "{19828F3D-08DB-4C27-B1EB-13A82A589E03}"
EndProject
Global
	GlobalSection(SolutionConfigurationPlatforms) = preSolution
		Debug|Any CPU = Debug|Any CPU
		Release|Any CPU = Release|Any CPU
	EndGlobalSection
	GlobalSection(ProjectConfigurationPlatforms) = postSolution
		{19828F3D-08DB-4C27-B1EB-13A82A589E03}.Debug|Any CPU.ActiveCfg = Debug|Any CPU
		{19828F3D-08DB-4C27-B1EB-13A82A589E03}.Debug|Any CPU.Build.0 = Debug|Any CPU
		{19828F3D-08DB-4C27-B1EB-13A82A589E03}.Release|Any CPU.ActiveCfg = Release|Any CPU
		{19828F3D-08DB-4C27-B1EB-13A82A589E03}.Release|Any CPU.Build.0 = Release|Any CPU
	EndGlobalSection
	GlobalSection(SolutionProperties) = preSolution
		HideSolutionNode = FALSE
	EndGlobalSection
EndGlobal
